
Microsoft Visual Studio Solution File, Format Version 12.00
# Visual Studio Version 17
VisualStudioVersion = 17.9.34728.123
MinimumVisualStudioVersion = 10.0.40219.1
Project("{FAE04EC0-301F-11D3-BF4B-00C04F79EFBC}") = "lINQ1", "lINQ1\lINQ1.csproj", "{906A2A31-5AED-4A0A-939B-E6B9128DB02A}"
EndProject
Global
	GlobalSection(SolutionConfigurationPlatforms) = preSolution
		Debug|Any CPU = Debug|Any CPU
		Release|Any CPU = Release|Any CPU
	EndGlobalSection
	GlobalSection(ProjectConfigurationPlatforms) = postSolution
		{906A2A31-5AED-4A0A-939B-E6B9128DB02A}.Debug|Any CPU.ActiveCfg = Debug|Any CPU
		{906A2A31-5AED-4A0A-939B-E6B9128DB02A}.Debug|Any CPU.Build.0 = Debug|Any CPU
		{906A2A31-5AED-4A0A-939B-E6B9128DB02A}.Release|Any CPU.ActiveCfg = Release|Any CPU
		{906A2A31-5AED-4A0A-939B-E6B9128DB02A}.Release|Any CPU.Build.0 = Release|Any CPU
	EndGlobalSection
	GlobalSection(SolutionProperties) = preSolution
		HideSolutionNode = FALSE
	EndGlobalSection
	GlobalSection(ExtensibilityGlobals) = postSolution
		SolutionGuid = {E2F5CC58-1C8C-4270-8534-6A1AD733B8FE}
	EndGlobalSection
EndGlobal
